// !$*UTF8*$!
{
	archiveVersion = 1;
	classes = {
	};
	objectVersion = 56;
	objects = {

/* Begin PBXBuildFile section */
		29404F4E2B98F507003EC79F /* LaunchGuard.swift in Sources */ = {isa = PBXBuildFile; fileRef = 29404F4D2B98F507003EC79F /* LaunchGuard.swift */; };
		295503E02B98F4080074E3BD /* LaunchGuardApp.swift in Sources */ = {isa = PBXBuildFile; fileRef = 295503DF2B98F4080074E3BD /* LaunchGuardApp.swift */; };
		295503E22B98F4080074E3BD /* ContentView.swift in Sources */ = {isa = PBXBuildFile; fileRef = 295503E12B98F4080074E3BD /* ContentView.swift */; };
		295503E42B98F4090074E3BD /* Assets.xcassets in Resources */ = {isa = PBXBuildFile; fileRef = 295503E32B98F4090074E3BD /* Assets.xcassets */; };
		295503E72B98F4090074E3BD /* Preview Assets.xcassets in Resources */ = {isa = PBXBuildFile; fileRef = 295503E62B98F4090074E3BD /* Preview Assets.xcassets */; };
		29B216F32B9900DF00411528 /* Debug.swift in Sources */ = {isa = PBXBuildFile; fileRef = 29B216F22B9900DF00411528 /* Debug.swift */; };
		29B216F62B991BF400411528 /* Metal.framework in Frameworks */ = {isa = PBXBuildFile; fileRef = 29B216F52B991BF400411528 /* Metal.framework */; };
/* End PBXBuildFile section */

/* Begin PBXFileReference section */
		29404F4D2B98F507003EC79F /* LaunchGuard.swift */ = {isa = PBXFileReference; lastKnownFileType = sourcecode.swift; path = LaunchGuard.swift; sourceTree = "<group>"; };
		295503DC2B98F4080074E3BD /* LaunchGuard.app */ = {isa = PBXFileReference; explicitFileType = wrapper.application; includeInIndex = 0; path = LaunchGuard.app; sourceTree = BUILT_PRODUCTS_DIR; };
		295503DF2B98F4080074E3BD /* LaunchGuardApp.swift */ = {isa = PBXFileReference; lastKnownFileType = sourcecode.swift; path = LaunchGuardApp.swift; sourceTree = "<group>"; };
		295503E12B98F4080074E3BD /* ContentView.swift */ = {isa = PBXFileReference; lastKnownFileType = sourcecode.swift; path = ContentView.swift; sourceTree = "<group>"; };
		295503E32B98F4090074E3BD /* Assets.xcassets */ = {isa = PBXFileReference; lastKnownFileType = folder.assetcatalog; path = Assets.xcassets; sourceTree = "<group>"; };
		295503E62B98F4090074E3BD /* Preview Assets.xcassets */ = {isa = PBXFileReference; lastKnownFileType = folder.assetcatalog; path = "Preview Assets.xcassets"; sourceTree = "<group>"; };
		295503E82B98F4090074E3BD /* LaunchGuard.entitlements */ = {isa = PBXFileReference; lastKnownFileType = text.plist.entitlements; path = LaunchGuard.entitlements; sourceTree = "<group>"; };
		29B216F22B9900DF00411528 /* Debug.swift */ = {isa = PBXFileReference; lastKnownFileType = sourcecode.swift; path = Debug.swift; sourceTree = "<group>"; };
		29B216F52B991BF400411528 /* Metal.framework */ = {isa = PBXFileReference; lastKnownFileType = wrapper.framework; name = Metal.framework; path = System/Library/Frameworks/Metal.framework; sourceTree = SDKROOT; };
/* End PBXFileReference section */

/* Begin PBXFrameworksBuildPhase section */
		295503D92B98F4080074E3BD /* Frameworks */ = {
			isa = PBXFrameworksBuildPhase;
			buildActionMask = 2147483647;
			files = (
				29B216F62B991BF400411528 /* Metal.framework in Frameworks */,
			);
			runOnlyForDeploymentPostprocessing = 0;
		};
/* End PBXFrameworksBuildPhase section */

/* Begin PBXGroup section */
		29404F4C2B98F4F9003EC79F /* LaunchGuardKit */ = {
			isa = PBXGroup;
			children = (
				29404F4D2B98F507003EC79F /* LaunchGuard.swift */,
			);
			path = LaunchGuardKit;
			sourceTree = "<group>";
		};
		295503D32B98F4080074E3BD = {
			isa = PBXGroup;
			children = (
				295503DE2B98F4080074E3BD /* LaunchGuard */,
				295503DD2B98F4080074E3BD /* Products */,
				29B216F42B991BF400411528 /* Frameworks */,
			);
			sourceTree = "<group>";
		};
		295503DD2B98F4080074E3BD /* Products */ = {
			isa = PBXGroup;
			children = (
				295503DC2B98F4080074E3BD /* LaunchGuard.app */,
			);
			name = Products;
			sourceTree = "<group>";
		};
		295503DE2B98F4080074E3BD /* LaunchGuard */ = {
			isa = PBXGroup;
			children = (
				295503DF2B98F4080074E3BD /* LaunchGuardApp.swift */,
				295503E12B98F4080074E3BD /* ContentView.swift */,
				29404F4C2B98F4F9003EC79F /* LaunchGuardKit */,
				29B216F12B9900D200411528 /* Debug */,
				295503E32B98F4090074E3BD /* Assets.xcassets */,
				295503E82B98F4090074E3BD /* LaunchGuard.entitlements */,
				295503E52B98F4090074E3BD /* Preview Content */,
			);
			path = LaunchGuard;
			sourceTree = "<group>";
		};
		295503E52B98F4090074E3BD /* Preview Content */ = {
			isa = PBXGroup;
			children = (
				295503E62B98F4090074E3BD /* Preview Assets.xcassets */,
			);
			path = "Preview Content";
			sourceTree = "<group>";
		};
		29B216F12B9900D200411528 /* Debug */ = {
			isa = PBXGroup;
			children = (
				29B216F22B9900DF00411528 /* Debug.swift */,
			);
			path = Debug;
			sourceTree = "<group>";
		};
		29B216F42B991BF400411528 /* Frameworks */ = {
			isa = PBXGroup;
			children = (
				29B216F52B991BF400411528 /* Metal.framework */,
			);
			name = Frameworks;
			sourceTree = "<group>";
		};
/* End PBXGroup section */

/* Begin PBXNativeTarget section */
		295503DB2B98F4080074E3BD /* LaunchGuard */ = {
			isa = PBXNativeTarget;
			buildConfigurationList = 295503EB2B98F4090074E3BD /* Build configuration list for PBXNativeTarget "LaunchGuard" */;
			buildPhases = (
				295503D82B98F4080074E3BD /* Sources */,
				295503D92B98F4080074E3BD /* Frameworks */,
				295503DA2B98F4080074E3BD /* Resources */,
			);
			buildRules = (
			);
			dependencies = (
			);
			name = LaunchGuard;
			productName = LaunchGuard;
			productReference = 295503DC2B98F4080074E3BD /* LaunchGuard.app */;
			productType = "com.apple.product-type.application";
		};
/* End PBXNativeTarget section */

/* Begin PBXProject section */
		295503D42B98F4080074E3BD /* Project object */ = {
			isa = PBXProject;
			attributes = {
				BuildIndependentTargetsInParallel = 1;
				LastSwiftUpdateCheck = 1530;
				LastUpgradeCheck = 1530;
				TargetAttributes = {
					295503DB2B98F4080074E3BD = {
						CreatedOnToolsVersion = 15.3;
					};
				};
			};
			buildConfigurationList = 295503D72B98F4080074E3BD /* Build configuration list for PBXProject "LaunchGuard" */;
			compatibilityVersion = "Xcode 14.0";
			developmentRegion = en;
			hasScannedForEncodings = 0;
			knownRegions = (
				en,
				Base,
			);
			mainGroup = 295503D32B98F4080074E3BD;
			productRefGroup = 295503DD2B98F4080074E3BD /* Products */;
			projectDirPath = "";
			projectRoot = "";
			targets = (
				295503DB2B98F4080074E3BD /* LaunchGuard */,
			);
		};
/* End PBXProject section */

/* Begin PBXResourcesBuildPhase section */
		295503DA2B98F4080074E3BD /* Resources */ = {
			isa = PBXResourcesBuildPhase;
			buildActionMask = 2147483647;
			files = (
				295503E72B98F4090074E3BD /* Preview Assets.xcassets in Resources */,
				295503E42B98F4090074E3BD /* Assets.xcassets in Resources */,
			);
			runOnlyForDeploymentPostprocessing = 0;
		};
/* End PBXResourcesBuildPhase section */

/* Begin PBXSourcesBuildPhase section */
		295503D82B98F4080074E3BD /* Sources */ = {
			isa = PBXSourcesBuildPhase;
			buildActionMask = 2147483647;
			files = (
				295503E22B98F4080074E3BD /* ContentView.swift in Sources */,
				29B216F32B9900DF00411528 /* Debug.swift in Sources */,
				295503E02B98F4080074E3BD /* LaunchGuardApp.swift in Sources */,
				29404F4E2B98F507003EC79F /* LaunchGuard.swift in Sources */,
			);
			runOnlyForDeploymentPostprocessing = 0;
		};
/* End PBXSourcesBuildPhase section */

/* Begin XCBuildConfiguration section */
		295503E92B98F4090074E3BD /* Debug */ = {
			isa = XCBuildConfiguration;
			buildSettings = {
				ALWAYS_SEARCH_USER_PATHS = NO;
				ASSETCATALOG_COMPILER_GENERATE_SWIFT_ASSET_SYMBOL_EXTENSIONS = YES;
				CLANG_ANALYZER_NONNULL = YES;
				CLANG_ANALYZER_NUMBER_OBJECT_CONVERSION = YES_AGGRESSIVE;
				CLANG_CXX_LANGUAGE_STANDARD = "gnu++20";
				CLANG_ENABLE_MODULES = YES;
				CLANG_ENABLE_OBJC_ARC = YES;
				CLANG_ENABLE_OBJC_WEAK = YES;
				CLANG_WARN_BLOCK_CAPTURE_AUTORELEASING = YES;
				CLANG_WARN_BOOL_CONVERSION = YES;
				CLANG_WARN_COMMA = YES;
				CLANG_WARN_CONSTANT_CONVERSION = YES;
				CLANG_WARN_DEPRECATED_OBJC_IMPLEMENTATIONS = YES;
				CLANG_WARN_DIRECT_OBJC_ISA_USAGE = YES_ERROR;
				CLANG_WARN_DOCUMENTATION_COMMENTS = YES;
				CLANG_WARN_EMPTY_BODY = YES;
				CLANG_WARN_ENUM_CONVERSION = YES;
				CLANG_WARN_INFINITE_RECURSION = YES;
				CLANG_WARN_INT_CONVERSION = YES;
				CLANG_WARN_NON_LITERAL_NULL_CONVERSION = YES;
				CLANG_WARN_OBJC_IMPLICIT_RETAIN_SELF = YES;
				CLANG_WARN_OBJC_LITERAL_CONVERSION = YES;
				CLANG_WARN_OBJC_ROOT_CLASS = YES_ERROR;
				CLANG_WARN_QUOTED_INCLUDE_IN_FRAMEWORK_HEADER = YES;
				CLANG_WARN_RANGE_LOOP_ANALYSIS = YES;
				CLANG_WARN_STRICT_PROTOTYPES = YES;
				CLANG_WARN_SUSPICIOUS_MOVE = YES;
				CLANG_WARN_UNGUARDED_AVAILABILITY = YES_AGGRESSIVE;
				CLANG_WARN_UNREACHABLE_CODE = YES;
				CLANG_WARN__DUPLICATE_METHOD_MATCH = YES;
				COPY_PHASE_STRIP = NO;
				DEBUG_INFORMATION_FORMAT = dwarf;
				ENABLE_STRICT_OBJC_MSGSEND = YES;
				ENABLE_TESTABILITY = YES;
				ENABLE_USER_SCRIPT_SANDBOXING = YES;
				GCC_C_LANGUAGE_STANDARD = gnu17;
				GCC_DYNAMIC_NO_PIC = NO;
				GCC_NO_COMMON_BLOCKS = YES;
				GCC_OPTIMIZATION_LEVEL = 0;
				GCC_PREPROCESSOR_DEFINITIONS = (
					"DEBUG=1",
					"$(inherited)",
				);
				GCC_WARN_64_TO_32_BIT_CONVERSION = YES;
				GCC_WARN_ABOUT_RETURN_TYPE = YES_ERROR;
				GCC_WARN_UNDECLARED_SELECTOR = YES;
				GCC_WARN_UNINITIALIZED_AUTOS = YES_AGGRESSIVE;
				GCC_WARN_UNUSED_FUNCTION = YES;
				GCC_WARN_UNUSED_VARIABLE = YES;
				LOCALIZATION_PREFERS_STRING_CATALOGS = YES;
				MACOSX_DEPLOYMENT_TARGET = 14.3;
				MTL_ENABLE_DEBUG_INFO = INCLUDE_SOURCE;
				MTL_FAST_MATH = YES;
				ONLY_ACTIVE_ARCH = YES;
				SDKROOT = macosx;
				SWIFT_ACTIVE_COMPILATION_CONDITIONS = "DEBUG $(inherited)";
				SWIFT_OPTIMIZATION_LEVEL = "-Onone";
			};
			name = Debug;
		};
		295503EA2B98F4090074E3BD /* Release */ = {
			isa = XCBuildConfiguration;
			buildSettings = {
				ALWAYS_SEARCH_USER_PATHS = NO;
				ASSETCATALOG_COMPILER_GENERATE_SWIFT_ASSET_SYMBOL_EXTENSIONS = YES;
				CLANG_ANALYZER_NONNULL = YES;
				CLANG_ANALYZER_NUMBER_OBJECT_CONVERSION = YES_AGGRESSIVE;
				CLANG_CXX_LANGUAGE_STANDARD = "gnu++20";
				CLANG_ENABLE_MODULES = YES;
				CLANG_ENABLE_OBJC_ARC = YES;
				CLANG_ENABLE_OBJC_WEAK = YES;
				CLANG_WARN_BLOCK_CAPTURE_AUTORELEASING = YES;
				CLANG_WARN_BOOL_CONVERSION = YES;
				CLANG_WARN_COMMA = YES;
				CLANG_WARN_CONSTANT_CONVERSION = YES;
				CLANG_WARN_DEPRECATED_OBJC_IMPLEMENTATIONS = YES;
				CLANG_WARN_DIRECT_OBJC_ISA_USAGE = YES_ERROR;
				CLANG_WARN_DOCUMENTATION_COMMENTS = YES;
				CLANG_WARN_EMPTY_BODY = YES;
				CLANG_WARN_ENUM_CONVERSION = YES;
				CLANG_WARN_INFINITE_RECURSION = YES;
				CLANG_WARN_INT_CONVERSION = YES;
				CLANG_WARN_NON_LITERAL_NULL_CONVERSION = YES;
				CLANG_WARN_OBJC_IMPLICIT_RETAIN_SELF = YES;
				CLANG_WARN_OBJC_LITERAL_CONVERSION = YES;
				CLANG_WARN_OBJC_ROOT_CLASS = YES_ERROR;
				CLANG_WARN_QUOTED_INCLUDE_IN_FRAMEWORK_HEADER = YES;
				CLANG_WARN_RANGE_LOOP_ANALYSIS = YES;
				CLANG_WARN_STRICT_PROTOTYPES = YES;
				CLANG_WARN_SUSPICIOUS_MOVE = YES;
				CLANG_WARN_UNGUARDED_AVAILABILITY = YES_AGGRESSIVE;
				CLANG_WARN_UNREACHABLE_CODE = YES;
				CLANG_WARN__DUPLICATE_METHOD_MATCH = YES;
				COPY_PHASE_STRIP = NO;
				DEBUG_INFORMATION_FORMAT = "dwarf-with-dsym";
				ENABLE_NS_ASSERTIONS = NO;
				ENABLE_STRICT_OBJC_MSGSEND = YES;
				ENABLE_USER_SCRIPT_SANDBOXING = YES;
				GCC_C_LANGUAGE_STANDARD = gnu17;
				GCC_NO_COMMON_BLOCKS = YES;
				GCC_WARN_64_TO_32_BIT_CONVERSION = YES;
				GCC_WARN_ABOUT_RETURN_TYPE = YES_ERROR;
				GCC_WARN_UNDECLARED_SELECTOR = YES;
				GCC_WARN_UNINITIALIZED_AUTOS = YES_AGGRESSIVE;
				GCC_WARN_UNUSED_FUNCTION = YES;
				GCC_WARN_UNUSED_VARIABLE = YES;
				LOCALIZATION_PREFERS_STRING_CATALOGS = YES;
				MACOSX_DEPLOYMENT_TARGET = 14.3;
				MTL_ENABLE_DEBUG_INFO = NO;
				MTL_FAST_MATH = YES;
				SDKROOT = macosx;
				SWIFT_COMPILATION_MODE = wholemodule;
			};
			name = Release;
		};
		295503EC2B98F4090074E3BD /* Debug */ = {
			isa = XCBuildConfiguration;
			buildSettings = {
				ASSETCATALOG_COMPILER_APPICON_NAME = AppIcon;
				ASSETCATALOG_COMPILER_GLOBAL_ACCENT_COLOR_NAME = AccentColor;
				CODE_SIGN_ENTITLEMENTS = LaunchGuard/LaunchGuard.entitlements;
				CODE_SIGN_STYLE = Automatic;
				COMBINE_HIDPI_IMAGES = YES;
				CURRENT_PROJECT_VERSION = 1000;
				DEVELOPMENT_ASSET_PATHS = "\"LaunchGuard/Preview Content\"";
				DEVELOPMENT_TEAM = 85N3S3DG8M;
				ENABLE_HARDENED_RUNTIME = YES;
				ENABLE_PREVIEWS = YES;
				GENERATE_INFOPLIST_FILE = YES;
				INFOPLIST_KEY_LSApplicationCategoryType = "public.app-category.developer-tools";
				INFOPLIST_KEY_NSHumanReadableCopyright = "";
				LD_RUNPATH_SEARCH_PATHS = (
					"$(inherited)",
					"@executable_path/../Frameworks",
				);
				MACOSX_DEPLOYMENT_TARGET = 13.0;
				MARKETING_VERSION = 0.1.0;
				PRODUCT_BUNDLE_IDENTIFIER = com.buzsh.LaunchGuard;
				PRODUCT_NAME = "$(TARGET_NAME)";
				SWIFT_EMIT_LOC_STRINGS = YES;
				SWIFT_VERSION = 5.0;
			};
			name = Debug;
		};
		295503ED2B98F4090074E3BD /* Release */ = {
			isa = XCBuildConfiguration;
			buildSettings = {
				ASSETCATALOG_COMPILER_APPICON_NAME = AppIcon;
				ASSETCATALOG_COMPILER_GLOBAL_ACCENT_COLOR_NAME = AccentColor;
				CODE_SIGN_ENTITLEMENTS = LaunchGuard/LaunchGuard.entitlements;
				CODE_SIGN_STYLE = Automatic;
				COMBINE_HIDPI_IMAGES = YES;
				CURRENT_PROJECT_VERSION = 1000;
				DEVELOPMENT_ASSET_PATHS = "\"LaunchGuard/Preview Content\"";
				DEVELOPMENT_TEAM = 85N3S3DG8M;
				ENABLE_HARDENED_RUNTIME = YES;
				ENABLE_PREVIEWS = YES;
				GENERATE_INFOPLIST_FILE = YES;
				INFOPLIST_KEY_LSApplicationCategoryType = "public.app-category.developer-tools";
				INFOPLIST_KEY_NSHumanReadableCopyright = "";
				LD_RUNPATH_SEARCH_PATHS = (
					"$(inherited)",
					"@executable_path/../Frameworks",
				);
				MACOSX_DEPLOYMENT_TARGET = 13.0;
				MARKETING_VERSION = 0.1.0;
				PRODUCT_BUNDLE_IDENTIFIER = com.buzsh.LaunchGuard;
				PRODUCT_NAME = "$(TARGET_NAME)";
				SWIFT_EMIT_LOC_STRINGS = YES;
				SWIFT_VERSION = 5.0;
			};
			name = Release;
		};
/* End XCBuildConfiguration section */

/* Begin XCConfigurationList section */
		295503D72B98F4080074E3BD /* Build configuration list for PBXProject "LaunchGuard" */ = {
			isa = XCConfigurationList;
			buildConfigurations = (
				295503E92B98F4090074E3BD /* Debug */,
				295503EA2B98F4090074E3BD /* Release */,
			);
			defaultConfigurationIsVisible = 0;
			defaultConfigurationName = Release;
		};
		295503EB2B98F4090074E3BD /* Build configuration list for PBXNativeTarget "LaunchGuard" */ = {
			isa = XCConfigurationList;
			buildConfigurations = (
				295503EC2B98F4090074E3BD /* Debug */,
				295503ED2B98F4090074E3BD /* Release */,
			);
			defaultConfigurationIsVisible = 0;
			defaultConfigurationName = Release;
		};
/* End XCConfigurationList section */
	};
	rootObject = 295503D42B98F4080074E3BD /* Project object */;
}
